# This file was autogenerated by Stack.
# You should not edit this file by hand.
# For more information, please see the documentation at:
#   https://docs.haskellstack.org/en/stable/lock_files

packages:
- completed:
    subdir: tonalude
    name: tonalude
    version: 0.1.1.0
    git: https://github.com/tonatona-project/tonatona
    pantry-tree:
      size: 954
      sha256: efd41c3863cbb2102148271a3b8933fdb753ab6b1cc87c66ac78c3cff385533d
    commit: bc916ac3bd633075950ac8976282aa7b5c02da4e
  original:
    subdir: tonalude
    git: https://github.com/tonatona-project/tonatona
    commit: bc916ac3bd633075950ac8976282aa7b5c02da4e
- completed:
    subdir: tonaparser
    name: tonaparser
    version: 0.1.0.0
    git: https://github.com/tonatona-project/tonatona
    pantry-tree:
      size: 468
      sha256: 3ee6ae179ca6fa5eec307f06435425258688a77e7a6330138f4726914afd57b4
    commit: bc916ac3bd633075950ac8976282aa7b5c02da4e
  original:
    subdir: tonaparser
    git: https://github.com/tonatona-project/tonatona
    commit: bc916ac3bd633075950ac8976282aa7b5c02da4e
- completed:
    subdir: tonatona
    name: tonatona
    version: 0.1.0.0
    git: https://github.com/tonatona-project/tonatona
    pantry-tree:
      size: 407
      sha256: 5649ac456f1978ba40cf53577732d37e3033c6f2ce2d57d6c0fc2a29ba95b8cf
    commit: bc916ac3bd633075950ac8976282aa7b5c02da4e
  original:
    subdir: tonatona
    git: https://github.com/tonatona-project/tonatona
    commit: bc916ac3bd633075950ac8976282aa7b5c02da4e
- completed:
    subdir: tonatona-logger
    name: tonatona-logger
    version: 0.2.0.0
    git: https://github.com/tonatona-project/tonatona
    pantry-tree:
      size: 415
      sha256: 51c28a4f1d1b5abcf21308b709e0e00450041dfd59ccc4582078f67611aff33e
    commit: bc916ac3bd633075950ac8976282aa7b5c02da4e
  original:
    subdir: tonatona-logger
    git: https://github.com/tonatona-project/tonatona
    commit: bc916ac3bd633075950ac8976282aa7b5c02da4e
- completed:
    subdir: tonatona-persistent-postgresql
    name: tonatona-persistent-postgresql
    version: 0.1.0.0
    git: https://github.com/tonatona-project/tonatona
    pantry-tree:
      size: 427
      sha256: 7f39975288c334af204f1f9dbadeb237766cd4bd45ab7f9ce3dfbbd3cde082d4
    commit: bc916ac3bd633075950ac8976282aa7b5c02da4e
  original:
    subdir: tonatona-persistent-postgresql
    git: https://github.com/tonatona-project/tonatona
    commit: bc916ac3bd633075950ac8976282aa7b5c02da4e
- completed:
    subdir: tonatona-persistent-sqlite
    name: tonatona-persistent-sqlite
    version: 0.1.0.0
    git: https://github.com/tonatona-project/tonatona
    pantry-tree:
      size: 423
      sha256: 454a3f83b6a7c5a40024bcdb002ebf35a1b10e01f41140054258c178f1c5ea16
    commit: bc916ac3bd633075950ac8976282aa7b5c02da4e
  original:
    subdir: tonatona-persistent-sqlite
    git: https://github.com/tonatona-project/tonatona
    commit: bc916ac3bd633075950ac8976282aa7b5c02da4e
- completed:
    subdir: tonatona-servant
    name: tonatona-servant
    version: 0.1.0.0
    git: https://github.com/tonatona-project/tonatona
    pantry-tree:
      size: 416
      sha256: 0df6b458b77dcf3952d5f21b9f09a909fce9fc31c1a53bdbbd5fa61c071c7913
    commit: bc916ac3bd633075950ac8976282aa7b5c02da4e
  original:
    subdir: tonatona-servant
    git: https://github.com/tonatona-project/tonatona
    commit: bc916ac3bd633075950ac8976282aa7b5c02da4e
- completed:
    name: tonatona-google-server-api
    version: 0.1.3.0
    git: https://github.com/arowM/tonatona-google-server-api
    pantry-tree:
      size: 1749
      sha256: ef42a9212d335ffe4337bc36364972e136c59f1561fd18af19b12f02f8f2014a
    commit: 1d1725dc77fb74ee3a3901ee7f29a306999575a4
  original:
    git: https://github.com/arowM/tonatona-google-server-api
    commit: 1d1725dc77fb74ee3a3901ee7f29a306999575a4
- completed:
    name: google-server-api
    version: 0.4.0.0
    git: https://github.com/arowM/haskell-google-server-api
    pantry-tree:
      size: 873
      sha256: 39983bcc77cca2382635a2be83661552f86f835326a3dcb30e1d43404cb78341
    commit: 324a1de38ee14c238d8de358b9d0f42ff6be6800
  original:
    git: https://github.com/arowM/haskell-google-server-api
    commit: 324a1de38ee14c238d8de358b9d0f42ff6be6800
snapshots:
- completed:
    size: 494984
    url: https://raw.githubusercontent.com/commercialhaskell/stackage-snapshots/master/lts/13/4.yaml
    sha256: ba80f9f1f517b9c79a3f32944558fa29837a152eae8dcd0891317338920c2ed8
  original: lts-13.4
