# This file was autogenerated by Stack.
# You should not edit this file by hand.
# For more information, please see the documentation at:
#   https://docs.haskellstack.org/en/stable/lock_files

packages:
- completed:
    subdir: tonalude
    cabal-file:
      size: 4438
      sha256: 795494edf4be821dd234c1fa703939a56cf032727bdfdba73f34fd9aae2d914d
    name: tonalude
    version: 0.1.1.0
    git: https://github.com/tonatona-project/tonatona
    pantry-tree:
      size: 954
      sha256: efd41c3863cbb2102148271a3b8933fdb753ab6b1cc87c66ac78c3cff385533d
    commit: bc916ac3bd633075950ac8976282aa7b5c02da4e
  original:
    subdir: tonalude
    git: https://github.com/tonatona-project/tonatona
    commit: bc916ac3bd633075950ac8976282aa7b5c02da4e
- completed:
    subdir: tonaparser
    cabal-file:
      size: 5133
      sha256: f265c6a384a1bbbbe0390db24102a6daa9871ac8e2b073e5c9443fc9d6006efc
    name: tonaparser
    version: 0.1.0.0
    git: https://github.com/tonatona-project/tonatona
    pantry-tree:
      size: 468
      sha256: 3ee6ae179ca6fa5eec307f06435425258688a77e7a6330138f4726914afd57b4
    commit: bc916ac3bd633075950ac8976282aa7b5c02da4e
  original:
    subdir: tonaparser
    git: https://github.com/tonatona-project/tonatona
    commit: bc916ac3bd633075950ac8976282aa7b5c02da4e
- completed:
    subdir: tonatona
    cabal-file:
      size: 4145
      sha256: 7818cb51a1fdb8920f0b6dc5442a6eca5f7cb82d2e94cabc0cd607e0c58b314a
    name: tonatona
    version: 0.1.0.0
    git: https://github.com/tonatona-project/tonatona
    pantry-tree:
      size: 407
      sha256: 5649ac456f1978ba40cf53577732d37e3033c6f2ce2d57d6c0fc2a29ba95b8cf
    commit: bc916ac3bd633075950ac8976282aa7b5c02da4e
  original:
    subdir: tonatona
    git: https://github.com/tonatona-project/tonatona
    commit: bc916ac3bd633075950ac8976282aa7b5c02da4e
- completed:
    subdir: tonatona-logger
    cabal-file:
      size: 3921
      sha256: 42f9b28b7f659cc4da7c823c5f58607cb0a9152a14f975b4e4690be39f4b74cb
    name: tonatona-logger
    version: 0.2.0.0
    git: https://github.com/tonatona-project/tonatona
    pantry-tree:
      size: 415
      sha256: 51c28a4f1d1b5abcf21308b709e0e00450041dfd59ccc4582078f67611aff33e
    commit: bc916ac3bd633075950ac8976282aa7b5c02da4e
  original:
    subdir: tonatona-logger
    git: https://github.com/tonatona-project/tonatona
    commit: bc916ac3bd633075950ac8976282aa7b5c02da4e
- completed:
    subdir: tonatona-persistent-postgresql
    cabal-file:
      size: 4471
      sha256: 125571661ae2afceec1b2cf809ad8230a81420631e577164c75f376127db056f
    name: tonatona-persistent-postgresql
    version: 0.1.0.0
    git: https://github.com/tonatona-project/tonatona
    pantry-tree:
      size: 427
      sha256: 7f39975288c334af204f1f9dbadeb237766cd4bd45ab7f9ce3dfbbd3cde082d4
    commit: bc916ac3bd633075950ac8976282aa7b5c02da4e
  original:
    subdir: tonatona-persistent-postgresql
    git: https://github.com/tonatona-project/tonatona
    commit: bc916ac3bd633075950ac8976282aa7b5c02da4e
- completed:
    subdir: tonatona-persistent-sqlite
    cabal-file:
      size: 4431
      sha256: 59e901a4934f67434b2f6eaad8cecadfe46ec8d84dcebc031a2a5a5ce4345d7f
    name: tonatona-persistent-sqlite
    version: 0.1.0.0
    git: https://github.com/tonatona-project/tonatona
    pantry-tree:
      size: 423
      sha256: 454a3f83b6a7c5a40024bcdb002ebf35a1b10e01f41140054258c178f1c5ea16
    commit: bc916ac3bd633075950ac8976282aa7b5c02da4e
  original:
    subdir: tonatona-persistent-sqlite
    git: https://github.com/tonatona-project/tonatona
    commit: bc916ac3bd633075950ac8976282aa7b5c02da4e
- completed:
    subdir: tonatona-servant
    cabal-file:
      size: 4600
      sha256: 729399e416ed0166a93276563ac91fc58ea19beb301739dc04e5ebb629703242
    name: tonatona-servant
    version: 0.1.0.0
    git: https://github.com/tonatona-project/tonatona
    pantry-tree:
      size: 416
      sha256: 0df6b458b77dcf3952d5f21b9f09a909fce9fc31c1a53bdbbd5fa61c071c7913
    commit: bc916ac3bd633075950ac8976282aa7b5c02da4e
  original:
    subdir: tonatona-servant
    git: https://github.com/tonatona-project/tonatona
    commit: bc916ac3bd633075950ac8976282aa7b5c02da4e
- completed:
    cabal-file:
      size: 4783
      sha256: 16dc15fcfcd1eea5b57f976f437d906446179ee7b8654165318eb817e1db92a5
    name: tonatona-google-server-api
    version: 0.1.3.0
    git: https://github.com/arowM/tonatona-google-server-api
    pantry-tree:
      size: 1547
      sha256: 9cdf65e34e11473a2c2183df74cf048ca3050b5e5928842c7e8673b5deb83859
    commit: 9b814f78cdabb6bbb6a4acf91a9de91f0bdbf5a4
  original:
    git: https://github.com/arowM/tonatona-google-server-api
    commit: 9b814f78cdabb6bbb6a4acf91a9de91f0bdbf5a4
- completed:
    cabal-file:
      size: 2631
      sha256: d6a1dea2bbd46c795565ba72f5a483b445b7e09295f3c54ccf4f2dd0b2873c5a
    name: google-server-api
    version: 0.3.2.1
    git: https://github.com/arowM/haskell-google-server-api
    pantry-tree:
      size: 750
      sha256: c559e3343ce40edd7805fc1e6370f251eb73b8582c7be0099bfc7745f1478fc2
    commit: 243bed6e2fac02c00027c142087af6185e14de10
  original:
    git: https://github.com/arowM/haskell-google-server-api
    commit: 243bed6e2fac02c00027c142087af6185e14de10
snapshots:
- completed:
    size: 494984
    url: https://raw.githubusercontent.com/commercialhaskell/stackage-snapshots/master/lts/13/4.yaml
    sha256: ba80f9f1f517b9c79a3f32944558fa29837a152eae8dcd0891317338920c2ed8
  original: lts-13.4
